
Microsoft Visual Studio Solution File, Format Version 12.00
# Visual Studio Version 16
VisualStudioVersion = 16.0.30011.22
MinimumVisualStudioVersion = 10.0.40219.1
Project("{FAE04EC0-301F-11D3-BF4B-00C04F79EFBC}") = "Presentaion", "Presentaion\Presentaion.csproj", "{4A262535-D0E1-43EF-AA5E-0483D88FFBA2}"
EndProject
Project("{FAE04EC0-301F-11D3-BF4B-00C04F79EFBC}") = "Services", "Services\Services.csproj", "{09EC267E-C694-42A7-9210-260B5876BA82}"
EndProject
Project("{FAE04EC0-301F-11D3-BF4B-00C04F79EFBC}") = "Entity", "Entity\Entity.csproj", "{7CBDC585-0D8B-48FC-9216-A3DD05A4A89D}"
EndProject
Global
	GlobalSection(SolutionConfigurationPlatforms) = preSolution
		Debug|Any CPU = Debug|Any CPU
		Release|Any CPU = Release|Any CPU
	EndGlobalSection
	GlobalSection(ProjectConfigurationPlatforms) = postSolution
		{4A262535-D0E1-43EF-AA5E-0483D88FFBA2}.Debug|Any CPU.ActiveCfg = Debug|Any CPU
		{4A262535-D0E1-43EF-AA5E-0483D88FFBA2}.Debug|Any CPU.Build.0 = Debug|Any CPU
		{4A262535-D0E1-43EF-AA5E-0483D88FFBA2}.Release|Any CPU.ActiveCfg = Release|Any CPU
		{4A262535-D0E1-43EF-AA5E-0483D88FFBA2}.Release|Any CPU.Build.0 = Release|Any CPU
		{09EC267E-C694-42A7-9210-260B5876BA82}.Debug|Any CPU.ActiveCfg = Debug|Any CPU
		{09EC267E-C694-42A7-9210-260B5876BA82}.Debug|Any CPU.Build.0 = Debug|Any CPU
		{09EC267E-C694-42A7-9210-260B5876BA82}.Release|Any CPU.ActiveCfg = Release|Any CPU
		{09EC267E-C694-42A7-9210-260B5876BA82}.Release|Any CPU.Build.0 = Release|Any CPU
		{7CBDC585-0D8B-48FC-9216-A3DD05A4A89D}.Debug|Any CPU.ActiveCfg = Debug|Any CPU
		{7CBDC585-0D8B-48FC-9216-A3DD05A4A89D}.Debug|Any CPU.Build.0 = Debug|Any CPU
		{7CBDC585-0D8B-48FC-9216-A3DD05A4A89D}.Release|Any CPU.ActiveCfg = Release|Any CPU
		{7CBDC585-0D8B-48FC-9216-A3DD05A4A89D}.Release|Any CPU.Build.0 = Release|Any CPU
	EndGlobalSection
	GlobalSection(SolutionProperties) = preSolution
		HideSolutionNode = FALSE
	EndGlobalSection
	GlobalSection(ExtensibilityGlobals) = postSolution
		SolutionGuid = {E0540BBB-D487-4F52-9E5A-6F17099D856F}
	EndGlobalSection
EndGlobal
